
Microsoft Visual Studio Solution File, Format Version 12.00
Project("{FAE04EC0-301F-11D3-BF4B-00C04F79EFBC}") = "Switchly-2.0.WebApi", "Switchly-2.0.WebApi\Switchly-2.0.WebApi.csproj", "{BAE3A75C-23A0-49C2-AC5A-AD355E970510}"
EndProject
Global
	GlobalSection(SolutionConfigurationPlatforms) = preSolution
		Debug|Any CPU = Debug|Any CPU
		Release|Any CPU = Release|Any CPU
	EndGlobalSection
	GlobalSection(ProjectConfigurationPlatforms) = postSolution
		{BAE3A75C-23A0-49C2-AC5A-AD355E970510}.Debug|Any CPU.ActiveCfg = Debug|Any CPU
		{BAE3A75C-23A0-49C2-AC5A-AD355E970510}.Debug|Any CPU.Build.0 = Debug|Any CPU
		{BAE3A75C-23A0-49C2-AC5A-AD355E970510}.Release|Any CPU.ActiveCfg = Release|Any CPU
		{BAE3A75C-23A0-49C2-AC5A-AD355E970510}.Release|Any CPU.Build.0 = Release|Any CPU
	EndGlobalSection
EndGlobal
